
Microsoft Visual Studio Solution File, Format Version 12.00
# Visual Studio Version 17
VisualStudioVersion = 17.1.32210.238
MinimumVisualStudioVersion = 10.0.40219.1
Project("{FAE04EC0-301F-11D3-BF4B-00C04F79EFBC}") = "modul8_1302204002", "modul8_1302204002.csproj", "{9FB07288-33DC-470A-948C-ADE3C02044BE}"
EndProject
Global
	GlobalSection(SolutionConfigurationPlatforms) = preSolution
		Debug|Any CPU = Debug|Any CPU
		Release|Any CPU = Release|Any CPU
	EndGlobalSection
	GlobalSection(ProjectConfigurationPlatforms) = postSolution
		{9FB07288-33DC-470A-948C-ADE3C02044BE}.Debug|Any CPU.ActiveCfg = Debug|Any CPU
		{9FB07288-33DC-470A-948C-ADE3C02044BE}.Debug|Any CPU.Build.0 = Debug|Any CPU
		{9FB07288-33DC-470A-948C-ADE3C02044BE}.Release|Any CPU.ActiveCfg = Release|Any CPU
		{9FB07288-33DC-470A-948C-ADE3C02044BE}.Release|Any CPU.Build.0 = Release|Any CPU
	EndGlobalSection
	GlobalSection(SolutionProperties) = preSolution
		HideSolutionNode = FALSE
	EndGlobalSection
	GlobalSection(ExtensibilityGlobals) = postSolution
		SolutionGuid = {28011CE3-6DA9-4451-88F7-CF4B1B8358CA}
	EndGlobalSection
EndGlobal
